// !$*UTF8*$!
{
	archiveVersion = 1;
	classes = {
	};
	objectVersion = 77;
	objects = {

/* Begin PBXBuildFile section */
		AACFBDC92E68884B00C17233 /* WhisperKit in Frameworks */ = {isa = PBXBuildFile; productRef = AACFBDC82E68884B00C17233 /* WhisperKit */; };
		AACFBDD32E6895FA00C17233 /* README.md in Resources */ = {isa = PBXBuildFile; fileRef = AACFBDD22E6895FA00C17233 /* README.md */; };
		AACFBDD42E6895FA00C17233 /* CLAUDE.md in Resources */ = {isa = PBXBuildFile; fileRef = AACFBDD02E6895FA00C17233 /* CLAUDE.md */; };
		AACFBDD52E6895FA00C17233 /* IMPLEMENTATION.md in Resources */ = {isa = PBXBuildFile; fileRef = AACFBDD12E6895FA00C17233 /* IMPLEMENTATION.md */; };
/* End PBXBuildFile section */

/* Begin PBXContainerItemProxy section */
		AACFBDAB2E6883F600C17233 /* PBXContainerItemProxy */ = {
			isa = PBXContainerItemProxy;
			containerPortal = AACFBD942E6883F500C17233 /* Project object */;
			proxyType = 1;
			remoteGlobalIDString = AACFBD9B2E6883F500C17233;
			remoteInfo = draconic;
		};
		AACFBDB52E6883F600C17233 /* PBXContainerItemProxy */ = {
			isa = PBXContainerItemProxy;
			containerPortal = AACFBD942E6883F500C17233 /* Project object */;
			proxyType = 1;
			remoteGlobalIDString = AACFBD9B2E6883F500C17233;
			remoteInfo = draconic;
		};
/* End PBXContainerItemProxy section */

/* Begin PBXFileReference section */
		AACFBD9C2E6883F500C17233 /* draconic.app */ = {isa = PBXFileReference; explicitFileType = wrapper.application; includeInIndex = 0; path = draconic.app; sourceTree = BUILT_PRODUCTS_DIR; };
		AACFBDAA2E6883F600C17233 /* draconicTests.xctest */ = {isa = PBXFileReference; explicitFileType = wrapper.cfbundle; includeInIndex = 0; path = draconicTests.xctest; sourceTree = BUILT_PRODUCTS_DIR; };
		AACFBDB42E6883F600C17233 /* draconicUITests.xctest */ = {isa = PBXFileReference; explicitFileType = wrapper.cfbundle; includeInIndex = 0; path = draconicUITests.xctest; sourceTree = BUILT_PRODUCTS_DIR; };
		AACFBDD02E6895FA00C17233 /* CLAUDE.md */ = {isa = PBXFileReference; lastKnownFileType = net.daringfireball.markdown; path = CLAUDE.md; sourceTree = "<group>"; };
		AACFBDD12E6895FA00C17233 /* IMPLEMENTATION.md */ = {isa = PBXFileReference; lastKnownFileType = net.daringfireball.markdown; path = IMPLEMENTATION.md; sourceTree = "<group>"; };
		AACFBDD22E6895FA00C17233 /* README.md */ = {isa = PBXFileReference; lastKnownFileType = net.daringfireball.markdown; path = README.md; sourceTree = "<group>"; };
/* End PBXFileReference section */

/* Begin PBXFileSystemSynchronizedBuildFileExceptionSet section */
		AACFBDCF2E68943D00C17233 /* Exceptions for "draconic" folder in "draconic" target */ = {
			isa = PBXFileSystemSynchronizedBuildFileExceptionSet;
			membershipExceptions = (
				Info.plist,
			);
			target = AACFBD9B2E6883F500C17233 /* draconic */;
		};
/* End PBXFileSystemSynchronizedBuildFileExceptionSet section */

/* Begin PBXFileSystemSynchronizedRootGroup section */
		AACFBD9E2E6883F500C17233 /* draconic */ = {
			isa = PBXFileSystemSynchronizedRootGroup;
			exceptions = (
				AACFBDCF2E68943D00C17233 /* Exceptions for "draconic" folder in "draconic" target */,
			);
			path = draconic;
			sourceTree = "<group>";
		};
		AACFBDAD2E6883F600C17233 /* draconicTests */ = {
			isa = PBXFileSystemSynchronizedRootGroup;
			path = draconicTests;
			sourceTree = "<group>";
		};
		AACFBDB72E6883F600C17233 /* draconicUITests */ = {
			isa = PBXFileSystemSynchronizedRootGroup;
			path = draconicUITests;
			sourceTree = "<group>";
		};
/* End PBXFileSystemSynchronizedRootGroup section */

/* Begin PBXFrameworksBuildPhase section */
		AACFBD992E6883F500C17233 /* Frameworks */ = {
			isa = PBXFrameworksBuildPhase;
			buildActionMask = 2147483647;
			files = (
				AACFBDC92E68884B00C17233 /* WhisperKit in Frameworks */,
			);
			runOnlyForDeploymentPostprocessing = 0;
		};
		AACFBDA72E6883F600C17233 /* Frameworks */ = {
			isa = PBXFrameworksBuildPhase;
			buildActionMask = 2147483647;
			files = (
			);
			runOnlyForDeploymentPostprocessing = 0;
		};
		AACFBDB12E6883F600C17233 /* Frameworks */ = {
			isa = PBXFrameworksBuildPhase;
			buildActionMask = 2147483647;
			files = (
			);
			runOnlyForDeploymentPostprocessing = 0;
		};
/* End PBXFrameworksBuildPhase section */

/* Begin PBXGroup section */
		AACFBD932E6883F500C17233 = {
			isa = PBXGroup;
			children = (
				AACFBDD02E6895FA00C17233 /* CLAUDE.md */,
				AACFBDD12E6895FA00C17233 /* IMPLEMENTATION.md */,
				AACFBDD22E6895FA00C17233 /* README.md */,
				AACFBD9E2E6883F500C17233 /* draconic */,
				AACFBDAD2E6883F600C17233 /* draconicTests */,
				AACFBDB72E6883F600C17233 /* draconicUITests */,
				AACFBD9D2E6883F500C17233 /* Products */,
			);
			sourceTree = "<group>";
		};
		AACFBD9D2E6883F500C17233 /* Products */ = {
			isa = PBXGroup;
			children = (
				AACFBD9C2E6883F500C17233 /* draconic.app */,
				AACFBDAA2E6883F600C17233 /* draconicTests.xctest */,
				AACFBDB42E6883F600C17233 /* draconicUITests.xctest */,
			);
			name = Products;
			sourceTree = "<group>";
		};
/* End PBXGroup section */

/* Begin PBXNativeTarget section */
		AACFBD9B2E6883F500C17233 /* draconic */ = {
			isa = PBXNativeTarget;
			buildConfigurationList = AACFBDBE2E6883F600C17233 /* Build configuration list for PBXNativeTarget "draconic" */;
			buildPhases = (
				AACFBD982E6883F500C17233 /* Sources */,
				AACFBD992E6883F500C17233 /* Frameworks */,
				AACFBD9A2E6883F500C17233 /* Resources */,
			);
			buildRules = (
			);
			dependencies = (
			);
			fileSystemSynchronizedGroups = (
				AACFBD9E2E6883F500C17233 /* draconic */,
			);
			name = draconic;
			packageProductDependencies = (
				AACFBDC82E68884B00C17233 /* WhisperKit */,
			);
			productName = draconic;
			productReference = AACFBD9C2E6883F500C17233 /* draconic.app */;
			productType = "com.apple.product-type.application";
		};
		AACFBDA92E6883F600C17233 /* draconicTests */ = {
			isa = PBXNativeTarget;
			buildConfigurationList = AACFBDC12E6883F600C17233 /* Build configuration list for PBXNativeTarget "draconicTests" */;
			buildPhases = (
				AACFBDA62E6883F600C17233 /* Sources */,
				AACFBDA72E6883F600C17233 /* Frameworks */,
				AACFBDA82E6883F600C17233 /* Resources */,
			);
			buildRules = (
			);
			dependencies = (
				AACFBDAC2E6883F600C17233 /* PBXTargetDependency */,
			);
			fileSystemSynchronizedGroups = (
				AACFBDAD2E6883F600C17233 /* draconicTests */,
			);
			name = draconicTests;
			packageProductDependencies = (
			);
			productName = draconicTests;
			productReference = AACFBDAA2E6883F600C17233 /* draconicTests.xctest */;
			productType = "com.apple.product-type.bundle.unit-test";
		};
		AACFBDB32E6883F600C17233 /* draconicUITests */ = {
			isa = PBXNativeTarget;
			buildConfigurationList = AACFBDC42E6883F600C17233 /* Build configuration list for PBXNativeTarget "draconicUITests" */;
			buildPhases = (
				AACFBDB02E6883F600C17233 /* Sources */,
				AACFBDB12E6883F600C17233 /* Frameworks */,
				AACFBDB22E6883F600C17233 /* Resources */,
			);
			buildRules = (
			);
			dependencies = (
				AACFBDB62E6883F600C17233 /* PBXTargetDependency */,
			);
			fileSystemSynchronizedGroups = (
				AACFBDB72E6883F600C17233 /* draconicUITests */,
			);
			name = draconicUITests;
			packageProductDependencies = (
			);
			productName = draconicUITests;
			productReference = AACFBDB42E6883F600C17233 /* draconicUITests.xctest */;
			productType = "com.apple.product-type.bundle.ui-testing";
		};
/* End PBXNativeTarget section */

/* Begin PBXProject section */
		AACFBD942E6883F500C17233 /* Project object */ = {
			isa = PBXProject;
			attributes = {
				BuildIndependentTargetsInParallel = 1;
				LastSwiftUpdateCheck = 1630;
				LastUpgradeCheck = 1630;
				TargetAttributes = {
					AACFBD9B2E6883F500C17233 = {
						CreatedOnToolsVersion = 16.3;
					};
					AACFBDA92E6883F600C17233 = {
						CreatedOnToolsVersion = 16.3;
						TestTargetID = AACFBD9B2E6883F500C17233;
					};
					AACFBDB32E6883F600C17233 = {
						CreatedOnToolsVersion = 16.3;
						TestTargetID = AACFBD9B2E6883F500C17233;
					};
				};
			};
			buildConfigurationList = AACFBD972E6883F500C17233 /* Build configuration list for PBXProject "draconic" */;
			developmentRegion = en;
			hasScannedForEncodings = 0;
			knownRegions = (
				en,
				Base,
			);
			mainGroup = AACFBD932E6883F500C17233;
			minimizedProjectReferenceProxies = 1;
			packageReferences = (
				AACFBDC72E68884B00C17233 /* XCRemoteSwiftPackageReference "WhisperKit" */,
			);
			preferredProjectObjectVersion = 77;
			productRefGroup = AACFBD9D2E6883F500C17233 /* Products */;
			projectDirPath = "";
			projectRoot = "";
			targets = (
				AACFBD9B2E6883F500C17233 /* draconic */,
				AACFBDA92E6883F600C17233 /* draconicTests */,
				AACFBDB32E6883F600C17233 /* draconicUITests */,
			);
		};
/* End PBXProject section */

/* Begin PBXResourcesBuildPhase section */
		AACFBD9A2E6883F500C17233 /* Resources */ = {
			isa = PBXResourcesBuildPhase;
			buildActionMask = 2147483647;
			files = (
				AACFBDD32E6895FA00C17233 /* README.md in Resources */,
				AACFBDD42E6895FA00C17233 /* CLAUDE.md in Resources */,
				AACFBDD52E6895FA00C17233 /* IMPLEMENTATION.md in Resources */,
			);
			runOnlyForDeploymentPostprocessing = 0;
		};
		AACFBDA82E6883F600C17233 /* Resources */ = {
			isa = PBXResourcesBuildPhase;
			buildActionMask = 2147483647;
			files = (
			);
			runOnlyForDeploymentPostprocessing = 0;
		};
		AACFBDB22E6883F600C17233 /* Resources */ = {
			isa = PBXResourcesBuildPhase;
			buildActionMask = 2147483647;
			files = (
			);
			runOnlyForDeploymentPostprocessing = 0;
		};
/* End PBXResourcesBuildPhase section */

/* Begin PBXSourcesBuildPhase section */
		AACFBD982E6883F500C17233 /* Sources */ = {
			isa = PBXSourcesBuildPhase;
			buildActionMask = 2147483647;
			files = (
			);
			runOnlyForDeploymentPostprocessing = 0;
		};
		AACFBDA62E6883F600C17233 /* Sources */ = {
			isa = PBXSourcesBuildPhase;
			buildActionMask = 2147483647;
			files = (
			);
			runOnlyForDeploymentPostprocessing = 0;
		};
		AACFBDB02E6883F600C17233 /* Sources */ = {
			isa = PBXSourcesBuildPhase;
			buildActionMask = 2147483647;
			files = (
			);
			runOnlyForDeploymentPostprocessing = 0;
		};
/* End PBXSourcesBuildPhase section */

/* Begin PBXTargetDependency section */
		AACFBDAC2E6883F600C17233 /* PBXTargetDependency */ = {
			isa = PBXTargetDependency;
			target = AACFBD9B2E6883F500C17233 /* draconic */;
			targetProxy = AACFBDAB2E6883F600C17233 /* PBXContainerItemProxy */;
		};
		AACFBDB62E6883F600C17233 /* PBXTargetDependency */ = {
			isa = PBXTargetDependency;
			target = AACFBD9B2E6883F500C17233 /* draconic */;
			targetProxy = AACFBDB52E6883F600C17233 /* PBXContainerItemProxy */;
		};
/* End PBXTargetDependency section */

/* Begin XCBuildConfiguration section */
		AACFBDBC2E6883F600C17233 /* Debug */ = {
			isa = XCBuildConfiguration;
			buildSettings = {
				ALWAYS_SEARCH_USER_PATHS = NO;
				ASSETCATALOG_COMPILER_GENERATE_SWIFT_ASSET_SYMBOL_EXTENSIONS = YES;
				CLANG_ANALYZER_NONNULL = YES;
				CLANG_ANALYZER_NUMBER_OBJECT_CONVERSION = YES_AGGRESSIVE;
				CLANG_CXX_LANGUAGE_STANDARD = "gnu++20";
				CLANG_ENABLE_MODULES = YES;
				CLANG_ENABLE_OBJC_ARC = YES;
				CLANG_ENABLE_OBJC_WEAK = YES;
				CLANG_WARN_BLOCK_CAPTURE_AUTORELEASING = YES;
				CLANG_WARN_BOOL_CONVERSION = YES;
				CLANG_WARN_COMMA = YES;
				CLANG_WARN_CONSTANT_CONVERSION = YES;
				CLANG_WARN_DEPRECATED_OBJC_IMPLEMENTATIONS = YES;
				CLANG_WARN_DIRECT_OBJC_ISA_USAGE = YES_ERROR;
				CLANG_WARN_DOCUMENTATION_COMMENTS = YES;
				CLANG_WARN_EMPTY_BODY = YES;
				CLANG_WARN_ENUM_CONVERSION = YES;
				CLANG_WARN_INFINITE_RECURSION = YES;
				CLANG_WARN_INT_CONVERSION = YES;
				CLANG_WARN_NON_LITERAL_NULL_CONVERSION = YES;
				CLANG_WARN_OBJC_IMPLICIT_RETAIN_SELF = YES;
				CLANG_WARN_OBJC_LITERAL_CONVERSION = YES;
				CLANG_WARN_OBJC_ROOT_CLASS = YES_ERROR;
				CLANG_WARN_QUOTED_INCLUDE_IN_FRAMEWORK_HEADER = YES;
				CLANG_WARN_RANGE_LOOP_ANALYSIS = YES;
				CLANG_WARN_STRICT_PROTOTYPES = YES;
				CLANG_WARN_SUSPICIOUS_MOVE = YES;
				CLANG_WARN_UNGUARDED_AVAILABILITY = YES_AGGRESSIVE;
				CLANG_WARN_UNREACHABLE_CODE = YES;
				CLANG_WARN__DUPLICATE_METHOD_MATCH = YES;
				COPY_PHASE_STRIP = NO;
				DEBUG_INFORMATION_FORMAT = dwarf;
				ENABLE_STRICT_OBJC_MSGSEND = YES;
				ENABLE_TESTABILITY = YES;
				ENABLE_USER_SCRIPT_SANDBOXING = YES;
				GCC_C_LANGUAGE_STANDARD = gnu17;
				GCC_DYNAMIC_NO_PIC = NO;
				GCC_NO_COMMON_BLOCKS = YES;
				GCC_OPTIMIZATION_LEVEL = 0;
				GCC_PREPROCESSOR_DEFINITIONS = (
					"DEBUG=1",
					"$(inherited)",
				);
				GCC_WARN_64_TO_32_BIT_CONVERSION = YES;
				GCC_WARN_ABOUT_RETURN_TYPE = YES_ERROR;
				GCC_WARN_UNDECLARED_SELECTOR = YES;
				GCC_WARN_UNINITIALIZED_AUTOS = YES_AGGRESSIVE;
				GCC_WARN_UNUSED_FUNCTION = YES;
				GCC_WARN_UNUSED_VARIABLE = YES;
				LOCALIZATION_PREFERS_STRING_CATALOGS = YES;
				MACOSX_DEPLOYMENT_TARGET = 15.4;
				MTL_ENABLE_DEBUG_INFO = INCLUDE_SOURCE;
				MTL_FAST_MATH = YES;
				ONLY_ACTIVE_ARCH = YES;
				SDKROOT = macosx;
				SWIFT_ACTIVE_COMPILATION_CONDITIONS = "DEBUG $(inherited)";
				SWIFT_OPTIMIZATION_LEVEL = "-Onone";
			};
			name = Debug;
		};
		AACFBDBD2E6883F600C17233 /* Release */ = {
			isa = XCBuildConfiguration;
			buildSettings = {
				ALWAYS_SEARCH_USER_PATHS = NO;
				ASSETCATALOG_COMPILER_GENERATE_SWIFT_ASSET_SYMBOL_EXTENSIONS = YES;
				CLANG_ANALYZER_NONNULL = YES;
				CLANG_ANALYZER_NUMBER_OBJECT_CONVERSION = YES_AGGRESSIVE;
				CLANG_CXX_LANGUAGE_STANDARD = "gnu++20";
				CLANG_ENABLE_MODULES = YES;
				CLANG_ENABLE_OBJC_ARC = YES;
				CLANG_ENABLE_OBJC_WEAK = YES;
				CLANG_WARN_BLOCK_CAPTURE_AUTORELEASING = YES;
				CLANG_WARN_BOOL_CONVERSION = YES;
				CLANG_WARN_COMMA = YES;
				CLANG_WARN_CONSTANT_CONVERSION = YES;
				CLANG_WARN_DEPRECATED_OBJC_IMPLEMENTATIONS = YES;
				CLANG_WARN_DIRECT_OBJC_ISA_USAGE = YES_ERROR;
				CLANG_WARN_DOCUMENTATION_COMMENTS = YES;
				CLANG_WARN_EMPTY_BODY = YES;
				CLANG_WARN_ENUM_CONVERSION = YES;
				CLANG_WARN_INFINITE_RECURSION = YES;
				CLANG_WARN_INT_CONVERSION = YES;
				CLANG_WARN_NON_LITERAL_NULL_CONVERSION = YES;
				CLANG_WARN_OBJC_IMPLICIT_RETAIN_SELF = YES;
				CLANG_WARN_OBJC_LITERAL_CONVERSION = YES;
				CLANG_WARN_OBJC_ROOT_CLASS = YES_ERROR;
				CLANG_WARN_QUOTED_INCLUDE_IN_FRAMEWORK_HEADER = YES;
				CLANG_WARN_RANGE_LOOP_ANALYSIS = YES;
				CLANG_WARN_STRICT_PROTOTYPES = YES;
				CLANG_WARN_SUSPICIOUS_MOVE = YES;
				CLANG_WARN_UNGUARDED_AVAILABILITY = YES_AGGRESSIVE;
				CLANG_WARN_UNREACHABLE_CODE = YES;
				CLANG_WARN__DUPLICATE_METHOD_MATCH = YES;
				COPY_PHASE_STRIP = NO;
				DEBUG_INFORMATION_FORMAT = "dwarf-with-dsym";
				ENABLE_NS_ASSERTIONS = NO;
				ENABLE_STRICT_OBJC_MSGSEND = YES;
				ENABLE_USER_SCRIPT_SANDBOXING = YES;
				GCC_C_LANGUAGE_STANDARD = gnu17;
				GCC_NO_COMMON_BLOCKS = YES;
				GCC_WARN_64_TO_32_BIT_CONVERSION = YES;
				GCC_WARN_ABOUT_RETURN_TYPE = YES_ERROR;
				GCC_WARN_UNDECLARED_SELECTOR = YES;
				GCC_WARN_UNINITIALIZED_AUTOS = YES_AGGRESSIVE;
				GCC_WARN_UNUSED_FUNCTION = YES;
				GCC_WARN_UNUSED_VARIABLE = YES;
				LOCALIZATION_PREFERS_STRING_CATALOGS = YES;
				MACOSX_DEPLOYMENT_TARGET = 15.4;
				MTL_ENABLE_DEBUG_INFO = NO;
				MTL_FAST_MATH = YES;
				SDKROOT = macosx;
				SWIFT_COMPILATION_MODE = wholemodule;
			};
			name = Release;
		};
		AACFBDBF2E6883F600C17233 /* Debug */ = {
			isa = XCBuildConfiguration;
			buildSettings = {
				ASSETCATALOG_COMPILER_APPICON_NAME = AppIcon;
				ASSETCATALOG_COMPILER_GLOBAL_ACCENT_COLOR_NAME = AccentColor;
				ASSETCATALOG_COMPILER_INCLUDE_ALL_APPICON_ASSETS = YES;
				CODE_SIGN_ENTITLEMENTS = draconic/draconic.entitlements;
				CODE_SIGN_STYLE = Automatic;
				COMBINE_HIDPI_IMAGES = YES;
				CURRENT_PROJECT_VERSION = 1;
				ENABLE_PREVIEWS = YES;
				GENERATE_INFOPLIST_FILE = YES;
				INFOPLIST_FILE = draconic/Info.plist;
				INFOPLIST_KEY_NSHumanReadableCopyright = "";
				INFOPLIST_KEY_NSMicrophoneUsageDescription = "This app uses the microphone for speech-to-text dictation";
				LD_RUNPATH_SEARCH_PATHS = (
					"$(inherited)",
					"@executable_path/../Frameworks",
				);
				MARKETING_VERSION = 1.0;
				PRODUCT_BUNDLE_IDENTIFIER = com.ethanmick.draconic;
				PRODUCT_NAME = "$(TARGET_NAME)";
				REGISTER_APP_GROUPS = YES;
				SWIFT_EMIT_LOC_STRINGS = YES;
				SWIFT_VERSION = 5.0;
			};
			name = Debug;
		};
		AACFBDC02E6883F600C17233 /* Release */ = {
			isa = XCBuildConfiguration;
			buildSettings = {
				ASSETCATALOG_COMPILER_APPICON_NAME = AppIcon;
				ASSETCATALOG_COMPILER_GLOBAL_ACCENT_COLOR_NAME = AccentColor;
				ASSETCATALOG_COMPILER_INCLUDE_ALL_APPICON_ASSETS = YES;
				CODE_SIGN_ENTITLEMENTS = draconic/draconic.entitlements;
				CODE_SIGN_STYLE = Automatic;
				COMBINE_HIDPI_IMAGES = YES;
				CURRENT_PROJECT_VERSION = 1;
				ENABLE_PREVIEWS = YES;
				GENERATE_INFOPLIST_FILE = YES;
				INFOPLIST_FILE = draconic/Info.plist;
				INFOPLIST_KEY_NSHumanReadableCopyright = "";
				INFOPLIST_KEY_NSMicrophoneUsageDescription = "This app uses the microphone for speech-to-text dictation";
				LD_RUNPATH_SEARCH_PATHS = (
					"$(inherited)",
					"@executable_path/../Frameworks",
				);
				MARKETING_VERSION = 1.0;
				PRODUCT_BUNDLE_IDENTIFIER = com.ethanmick.draconic;
				PRODUCT_NAME = "$(TARGET_NAME)";
				REGISTER_APP_GROUPS = YES;
				SWIFT_EMIT_LOC_STRINGS = YES;
				SWIFT_VERSION = 5.0;
			};
			name = Release;
		};
		AACFBDC22E6883F600C17233 /* Debug */ = {
			isa = XCBuildConfiguration;
			buildSettings = {
				BUNDLE_LOADER = "$(TEST_HOST)";
				CODE_SIGN_STYLE = Automatic;
				CURRENT_PROJECT_VERSION = 1;
				GENERATE_INFOPLIST_FILE = YES;
				MACOSX_DEPLOYMENT_TARGET = 15.4;
				MARKETING_VERSION = 1.0;
				PRODUCT_BUNDLE_IDENTIFIER = com.ethanmick.draconicTests;
				PRODUCT_NAME = "$(TARGET_NAME)";
				SWIFT_EMIT_LOC_STRINGS = NO;
				SWIFT_VERSION = 5.0;
				TEST_HOST = "$(BUILT_PRODUCTS_DIR)/draconic.app/$(BUNDLE_EXECUTABLE_FOLDER_PATH)/draconic";
			};
			name = Debug;
		};
		AACFBDC32E6883F600C17233 /* Release */ = {
			isa = XCBuildConfiguration;
			buildSettings = {
				BUNDLE_LOADER = "$(TEST_HOST)";
				CODE_SIGN_STYLE = Automatic;
				CURRENT_PROJECT_VERSION = 1;
				GENERATE_INFOPLIST_FILE = YES;
				MACOSX_DEPLOYMENT_TARGET = 15.4;
				MARKETING_VERSION = 1.0;
				PRODUCT_BUNDLE_IDENTIFIER = com.ethanmick.draconicTests;
				PRODUCT_NAME = "$(TARGET_NAME)";
				SWIFT_EMIT_LOC_STRINGS = NO;
				SWIFT_VERSION = 5.0;
				TEST_HOST = "$(BUILT_PRODUCTS_DIR)/draconic.app/$(BUNDLE_EXECUTABLE_FOLDER_PATH)/draconic";
			};
			name = Release;
		};
		AACFBDC52E6883F600C17233 /* Debug */ = {
			isa = XCBuildConfiguration;
			buildSettings = {
				CODE_SIGN_STYLE = Automatic;
				CURRENT_PROJECT_VERSION = 1;
				GENERATE_INFOPLIST_FILE = YES;
				MARKETING_VERSION = 1.0;
				PRODUCT_BUNDLE_IDENTIFIER = com.ethanmick.draconicUITests;
				PRODUCT_NAME = "$(TARGET_NAME)";
				SWIFT_EMIT_LOC_STRINGS = NO;
				SWIFT_VERSION = 5.0;
				TEST_TARGET_NAME = draconic;
			};
			name = Debug;
		};
		AACFBDC62E6883F600C17233 /* Release */ = {
			isa = XCBuildConfiguration;
			buildSettings = {
				CODE_SIGN_STYLE = Automatic;
				CURRENT_PROJECT_VERSION = 1;
				GENERATE_INFOPLIST_FILE = YES;
				MARKETING_VERSION = 1.0;
				PRODUCT_BUNDLE_IDENTIFIER = com.ethanmick.draconicUITests;
				PRODUCT_NAME = "$(TARGET_NAME)";
				SWIFT_EMIT_LOC_STRINGS = NO;
				SWIFT_VERSION = 5.0;
				TEST_TARGET_NAME = draconic;
			};
			name = Release;
		};
/* End XCBuildConfiguration section */

/* Begin XCConfigurationList section */
		AACFBD972E6883F500C17233 /* Build configuration list for PBXProject "draconic" */ = {
			isa = XCConfigurationList;
			buildConfigurations = (
				AACFBDBC2E6883F600C17233 /* Debug */,
				AACFBDBD2E6883F600C17233 /* Release */,
			);
			defaultConfigurationIsVisible = 0;
			defaultConfigurationName = Release;
		};
		AACFBDBE2E6883F600C17233 /* Build configuration list for PBXNativeTarget "draconic" */ = {
			isa = XCConfigurationList;
			buildConfigurations = (
				AACFBDBF2E6883F600C17233 /* Debug */,
				AACFBDC02E6883F600C17233 /* Release */,
			);
			defaultConfigurationIsVisible = 0;
			defaultConfigurationName = Release;
		};
		AACFBDC12E6883F600C17233 /* Build configuration list for PBXNativeTarget "draconicTests" */ = {
			isa = XCConfigurationList;
			buildConfigurations = (
				AACFBDC22E6883F600C17233 /* Debug */,
				AACFBDC32E6883F600C17233 /* Release */,
			);
			defaultConfigurationIsVisible = 0;
			defaultConfigurationName = Release;
		};
		AACFBDC42E6883F600C17233 /* Build configuration list for PBXNativeTarget "draconicUITests" */ = {
			isa = XCConfigurationList;
			buildConfigurations = (
				AACFBDC52E6883F600C17233 /* Debug */,
				AACFBDC62E6883F600C17233 /* Release */,
			);
			defaultConfigurationIsVisible = 0;
			defaultConfigurationName = Release;
		};
/* End XCConfigurationList section */

/* Begin XCRemoteSwiftPackageReference section */
		AACFBDC72E68884B00C17233 /* XCRemoteSwiftPackageReference "WhisperKit" */ = {
			isa = XCRemoteSwiftPackageReference;
			repositoryURL = "https://github.com/argmaxinc/WhisperKit";
			requirement = {
				branch = main;
				kind = branch;
			};
		};
/* End XCRemoteSwiftPackageReference section */

/* Begin XCSwiftPackageProductDependency section */
		AACFBDC82E68884B00C17233 /* WhisperKit */ = {
			isa = XCSwiftPackageProductDependency;
			package = AACFBDC72E68884B00C17233 /* XCRemoteSwiftPackageReference "WhisperKit" */;
			productName = WhisperKit;
		};
/* End XCSwiftPackageProductDependency section */
	};
	rootObject = AACFBD942E6883F500C17233 /* Project object */;
}
